
Microsoft Visual Studio Solution File, Format Version 12.00
# Visual Studio Version 17
VisualStudioVersion = 17.5.002.0
MinimumVisualStudioVersion = 10.0.40219.1
Project("{9A19103F-16F7-4668-BE54-9A1E7A4F7556}") = "weatherapp-api", "weatherapp-api.csproj", "{A7F7631B-E930-4E51-B75C-06F509D2CBEF}"
EndProject
Global
	GlobalSection(SolutionConfigurationPlatforms) = preSolution
		Debug|Any CPU = Debug|Any CPU
		Release|Any CPU = Release|Any CPU
	EndGlobalSection
	GlobalSection(ProjectConfigurationPlatforms) = postSolution
		{A7F7631B-E930-4E51-B75C-06F509D2CBEF}.Debug|Any CPU.ActiveCfg = Debug|Any CPU
		{A7F7631B-E930-4E51-B75C-06F509D2CBEF}.Debug|Any CPU.Build.0 = Debug|Any CPU
		{A7F7631B-E930-4E51-B75C-06F509D2CBEF}.Release|Any CPU.ActiveCfg = Release|Any CPU
		{A7F7631B-E930-4E51-B75C-06F509D2CBEF}.Release|Any CPU.Build.0 = Release|Any CPU
	EndGlobalSection
	GlobalSection(SolutionProperties) = preSolution
		HideSolutionNode = FALSE
	EndGlobalSection
	GlobalSection(ExtensibilityGlobals) = postSolution
		SolutionGuid = {E4068AED-248A-4571-A9C2-CE16426B01CC}
	EndGlobalSection
EndGlobal
